
Microsoft Visual Studio Solution File, Format Version 12.00
# Visual Studio Version 17
VisualStudioVersion = 17.9.34723.18
MinimumVisualStudioVersion = 10.0.40219.1
Project("{FAE04EC0-301F-11D3-BF4B-00C04F79EFBC}") = "LinqSchool", "LinqSchool\LinqSchool.csproj", "{C5E46EEC-5CDF-444A-8B1B-3386BB42A108}"
EndProject
Global
	GlobalSection(SolutionConfigurationPlatforms) = preSolution
		Debug|Any CPU = Debug|Any CPU
		Release|Any CPU = Release|Any CPU
	EndGlobalSection
	GlobalSection(ProjectConfigurationPlatforms) = postSolution
		{C5E46EEC-5CDF-444A-8B1B-3386BB42A108}.Debug|Any CPU.ActiveCfg = Debug|Any CPU
		{C5E46EEC-5CDF-444A-8B1B-3386BB42A108}.Debug|Any CPU.Build.0 = Debug|Any CPU
		{C5E46EEC-5CDF-444A-8B1B-3386BB42A108}.Release|Any CPU.ActiveCfg = Release|Any CPU
		{C5E46EEC-5CDF-444A-8B1B-3386BB42A108}.Release|Any CPU.Build.0 = Release|Any CPU
	EndGlobalSection
	GlobalSection(SolutionProperties) = preSolution
		HideSolutionNode = FALSE
	EndGlobalSection
	GlobalSection(ExtensibilityGlobals) = postSolution
		SolutionGuid = {82AFC96D-6C04-4428-BB98-A0A788F715EC}
	EndGlobalSection
EndGlobal
